// !$*UTF8*$!
{
	archiveVersion = 1;
	classes = {
	};
	objectVersion = 55;
	objects = {

/* Begin PBXBuildFile section */
		1106AD672CDA277A0044A0C6 /* WaitFor.swift in Sources */ = {isa = PBXBuildFile; fileRef = 1106AD662CDA277A0044A0C6 /* WaitFor.swift */; };
		117C88492CD797180089A123 /* LandingPage.swift in Sources */ = {isa = PBXBuildFile; fileRef = 117C88482CD797180089A123 /* LandingPage.swift */; };
		117C884C2CD79BC40089A123 /* AppViewModel.swift in Sources */ = {isa = PBXBuildFile; fileRef = 117C884B2CD79BC40089A123 /* AppViewModel.swift */; };
		117C884E2CD7A5C60089A123 /* Constants.swift in Sources */ = {isa = PBXBuildFile; fileRef = 117C884D2CD7A5C60089A123 /* Constants.swift */; };
		117C88522CD7AB7F0089A123 /* AnimatedButton.swift in Sources */ = {isa = PBXBuildFile; fileRef = 117C88512CD7AB7F0089A123 /* AnimatedButton.swift */; };
		117C88542CD7E0DE0089A123 /* GameType.swift in Sources */ = {isa = PBXBuildFile; fileRef = 117C88532CD7E0DE0089A123 /* GameType.swift */; };
		119EE9F72CD6473200B6F5B0 /* MemorizeGameApp.swift in Sources */ = {isa = PBXBuildFile; fileRef = 119EE9F62CD6473200B6F5B0 /* MemorizeGameApp.swift */; };
		119EE9F92CD6473200B6F5B0 /* PlayPage.swift in Sources */ = {isa = PBXBuildFile; fileRef = 119EE9F82CD6473200B6F5B0 /* PlayPage.swift */; };
		119EE9FB2CD6473400B6F5B0 /* Assets.xcassets in Resources */ = {isa = PBXBuildFile; fileRef = 119EE9FA2CD6473400B6F5B0 /* Assets.xcassets */; };
		119EE9FE2CD6473400B6F5B0 /* Preview Assets.xcassets in Resources */ = {isa = PBXBuildFile; fileRef = 119EE9FD2CD6473400B6F5B0 /* Preview Assets.xcassets */; };
		119EEA052CD6477600B6F5B0 /* GameViewModel.swift in Sources */ = {isa = PBXBuildFile; fileRef = 119EEA042CD6477600B6F5B0 /* GameViewModel.swift */; };
		119EEA072CD6479300B6F5B0 /* CardModel.swift in Sources */ = {isa = PBXBuildFile; fileRef = 119EEA062CD6479300B6F5B0 /* CardModel.swift */; };
/* End PBXBuildFile section */

/* Begin PBXFileReference section */
		1106AD662CDA277A0044A0C6 /* WaitFor.swift */ = {isa = PBXFileReference; lastKnownFileType = sourcecode.swift; path = WaitFor.swift; sourceTree = "<group>"; };
		117C88482CD797180089A123 /* LandingPage.swift */ = {isa = PBXFileReference; lastKnownFileType = sourcecode.swift; path = LandingPage.swift; sourceTree = "<group>"; };
		117C884B2CD79BC40089A123 /* AppViewModel.swift */ = {isa = PBXFileReference; lastKnownFileType = sourcecode.swift; path = AppViewModel.swift; sourceTree = "<group>"; };
		117C884D2CD7A5C60089A123 /* Constants.swift */ = {isa = PBXFileReference; lastKnownFileType = sourcecode.swift; path = Constants.swift; sourceTree = "<group>"; };
		117C88512CD7AB7F0089A123 /* AnimatedButton.swift */ = {isa = PBXFileReference; lastKnownFileType = sourcecode.swift; path = AnimatedButton.swift; sourceTree = "<group>"; };
		117C88532CD7E0DE0089A123 /* GameType.swift */ = {isa = PBXFileReference; lastKnownFileType = sourcecode.swift; path = GameType.swift; sourceTree = "<group>"; };
		119EE9F32CD6473200B6F5B0 /* MemorizeGame.app */ = {isa = PBXFileReference; explicitFileType = wrapper.application; includeInIndex = 0; path = MemorizeGame.app; sourceTree = BUILT_PRODUCTS_DIR; };
		119EE9F62CD6473200B6F5B0 /* MemorizeGameApp.swift */ = {isa = PBXFileReference; lastKnownFileType = sourcecode.swift; path = MemorizeGameApp.swift; sourceTree = "<group>"; };
		119EE9F82CD6473200B6F5B0 /* PlayPage.swift */ = {isa = PBXFileReference; lastKnownFileType = sourcecode.swift; path = PlayPage.swift; sourceTree = "<group>"; };
		119EE9FA2CD6473400B6F5B0 /* Assets.xcassets */ = {isa = PBXFileReference; lastKnownFileType = folder.assetcatalog; path = Assets.xcassets; sourceTree = "<group>"; };
		119EE9FD2CD6473400B6F5B0 /* Preview Assets.xcassets */ = {isa = PBXFileReference; lastKnownFileType = folder.assetcatalog; path = "Preview Assets.xcassets"; sourceTree = "<group>"; };
		119EEA042CD6477600B6F5B0 /* GameViewModel.swift */ = {isa = PBXFileReference; lastKnownFileType = sourcecode.swift; path = GameViewModel.swift; sourceTree = "<group>"; };
		119EEA062CD6479300B6F5B0 /* CardModel.swift */ = {isa = PBXFileReference; lastKnownFileType = sourcecode.swift; path = CardModel.swift; sourceTree = "<group>"; };
/* End PBXFileReference section */

/* Begin PBXFrameworksBuildPhase section */
		119EE9F02CD6473200B6F5B0 /* Frameworks */ = {
			isa = PBXFrameworksBuildPhase;
			buildActionMask = 2147483647;
			files = (
			);
			runOnlyForDeploymentPostprocessing = 0;
		};
/* End PBXFrameworksBuildPhase section */

/* Begin PBXGroup section */
		117C88462CD791690089A123 /* Play */ = {
			isa = PBXGroup;
			children = (
				119EE9F82CD6473200B6F5B0 /* PlayPage.swift */,
				119EEA042CD6477600B6F5B0 /* GameViewModel.swift */,
			);
			path = Play;
			sourceTree = "<group>";
		};
		117C88472CD797010089A123 /* Landing */ = {
			isa = PBXGroup;
			children = (
				117C88482CD797180089A123 /* LandingPage.swift */,
			);
			path = Landing;
			sourceTree = "<group>";
		};
		117C884A2CD79B950089A123 /* Models */ = {
			isa = PBXGroup;
			children = (
				119EEA062CD6479300B6F5B0 /* CardModel.swift */,
				117C88532CD7E0DE0089A123 /* GameType.swift */,
			);
			path = Models;
			sourceTree = "<group>";
		};
		117C884F2CD7A5CC0089A123 /* Utils */ = {
			isa = PBXGroup;
			children = (
				117C884D2CD7A5C60089A123 /* Constants.swift */,
				1106AD662CDA277A0044A0C6 /* WaitFor.swift */,
			);
			path = Utils;
			sourceTree = "<group>";
		};
		117C88502CD7AB640089A123 /* Components */ = {
			isa = PBXGroup;
			children = (
				117C88512CD7AB7F0089A123 /* AnimatedButton.swift */,
			);
			path = Components;
			sourceTree = "<group>";
		};
		117C8AC52CD8C9FF00593C95 /* Pages */ = {
			isa = PBXGroup;
			children = (
				117C88472CD797010089A123 /* Landing */,
				117C88462CD791690089A123 /* Play */,
			);
			path = Pages;
			sourceTree = "<group>";
		};
		119EE9EA2CD6473200B6F5B0 = {
			isa = PBXGroup;
			children = (
				119EE9F52CD6473200B6F5B0 /* MemorizeGame */,
				119EE9F42CD6473200B6F5B0 /* Products */,
			);
			sourceTree = "<group>";
		};
		119EE9F42CD6473200B6F5B0 /* Products */ = {
			isa = PBXGroup;
			children = (
				119EE9F32CD6473200B6F5B0 /* MemorizeGame.app */,
			);
			name = Products;
			sourceTree = "<group>";
		};
		119EE9F52CD6473200B6F5B0 /* MemorizeGame */ = {
			isa = PBXGroup;
			children = (
				117C8AC52CD8C9FF00593C95 /* Pages */,
				117C88502CD7AB640089A123 /* Components */,
				117C884F2CD7A5CC0089A123 /* Utils */,
				117C884A2CD79B950089A123 /* Models */,
				119EE9F62CD6473200B6F5B0 /* MemorizeGameApp.swift */,
				119EE9FA2CD6473400B6F5B0 /* Assets.xcassets */,
				119EE9FC2CD6473400B6F5B0 /* Preview Content */,
				117C884B2CD79BC40089A123 /* AppViewModel.swift */,
			);
			path = MemorizeGame;
			sourceTree = "<group>";
		};
		119EE9FC2CD6473400B6F5B0 /* Preview Content */ = {
			isa = PBXGroup;
			children = (
				119EE9FD2CD6473400B6F5B0 /* Preview Assets.xcassets */,
			);
			path = "Preview Content";
			sourceTree = "<group>";
		};
/* End PBXGroup section */

/* Begin PBXNativeTarget section */
		119EE9F22CD6473200B6F5B0 /* MemorizeGame */ = {
			isa = PBXNativeTarget;
			buildConfigurationList = 119EEA012CD6473400B6F5B0 /* Build configuration list for PBXNativeTarget "MemorizeGame" */;
			buildPhases = (
				119EE9EF2CD6473200B6F5B0 /* Sources */,
				119EE9F02CD6473200B6F5B0 /* Frameworks */,
				119EE9F12CD6473200B6F5B0 /* Resources */,
			);
			buildRules = (
			);
			dependencies = (
			);
			name = MemorizeGame;
			productName = MemorizeGame;
			productReference = 119EE9F32CD6473200B6F5B0 /* MemorizeGame.app */;
			productType = "com.apple.product-type.application";
		};
/* End PBXNativeTarget section */

/* Begin PBXProject section */
		119EE9EB2CD6473200B6F5B0 /* Project object */ = {
			isa = PBXProject;
			attributes = {
				BuildIndependentTargetsInParallel = 1;
				LastSwiftUpdateCheck = 1330;
				LastUpgradeCheck = 1330;
				TargetAttributes = {
					119EE9F22CD6473200B6F5B0 = {
						CreatedOnToolsVersion = 13.3.1;
					};
				};
			};
			buildConfigurationList = 119EE9EE2CD6473200B6F5B0 /* Build configuration list for PBXProject "MemorizeGame" */;
			compatibilityVersion = "Xcode 13.0";
			developmentRegion = en;
			hasScannedForEncodings = 0;
			knownRegions = (
				en,
				Base,
			);
			mainGroup = 119EE9EA2CD6473200B6F5B0;
			productRefGroup = 119EE9F42CD6473200B6F5B0 /* Products */;
			projectDirPath = "";
			projectRoot = "";
			targets = (
				119EE9F22CD6473200B6F5B0 /* MemorizeGame */,
			);
		};
/* End PBXProject section */

/* Begin PBXResourcesBuildPhase section */
		119EE9F12CD6473200B6F5B0 /* Resources */ = {
			isa = PBXResourcesBuildPhase;
			buildActionMask = 2147483647;
			files = (
				119EE9FE2CD6473400B6F5B0 /* Preview Assets.xcassets in Resources */,
				119EE9FB2CD6473400B6F5B0 /* Assets.xcassets in Resources */,
			);
			runOnlyForDeploymentPostprocessing = 0;
		};
/* End PBXResourcesBuildPhase section */

/* Begin PBXSourcesBuildPhase section */
		119EE9EF2CD6473200B6F5B0 /* Sources */ = {
			isa = PBXSourcesBuildPhase;
			buildActionMask = 2147483647;
			files = (
				119EEA052CD6477600B6F5B0 /* GameViewModel.swift in Sources */,
				117C88492CD797180089A123 /* LandingPage.swift in Sources */,
				1106AD672CDA277A0044A0C6 /* WaitFor.swift in Sources */,
				117C88542CD7E0DE0089A123 /* GameType.swift in Sources */,
				117C884C2CD79BC40089A123 /* AppViewModel.swift in Sources */,
				119EEA072CD6479300B6F5B0 /* CardModel.swift in Sources */,
				117C884E2CD7A5C60089A123 /* Constants.swift in Sources */,
				119EE9F92CD6473200B6F5B0 /* PlayPage.swift in Sources */,
				117C88522CD7AB7F0089A123 /* AnimatedButton.swift in Sources */,
				119EE9F72CD6473200B6F5B0 /* MemorizeGameApp.swift in Sources */,
			);
			runOnlyForDeploymentPostprocessing = 0;
		};
/* End PBXSourcesBuildPhase section */

/* Begin XCBuildConfiguration section */
		119EE9FF2CD6473400B6F5B0 /* Debug */ = {
			isa = XCBuildConfiguration;
			buildSettings = {
				ALWAYS_SEARCH_USER_PATHS = NO;
				CLANG_ANALYZER_NONNULL = YES;
				CLANG_ANALYZER_NUMBER_OBJECT_CONVERSION = YES_AGGRESSIVE;
				CLANG_CXX_LANGUAGE_STANDARD = "gnu++17";
				CLANG_ENABLE_MODULES = YES;
				CLANG_ENABLE_OBJC_ARC = YES;
				CLANG_ENABLE_OBJC_WEAK = YES;
				CLANG_WARN_BLOCK_CAPTURE_AUTORELEASING = YES;
				CLANG_WARN_BOOL_CONVERSION = YES;
				CLANG_WARN_COMMA = YES;
				CLANG_WARN_CONSTANT_CONVERSION = YES;
				CLANG_WARN_DEPRECATED_OBJC_IMPLEMENTATIONS = YES;
				CLANG_WARN_DIRECT_OBJC_ISA_USAGE = YES_ERROR;
				CLANG_WARN_DOCUMENTATION_COMMENTS = YES;
				CLANG_WARN_EMPTY_BODY = YES;
				CLANG_WARN_ENUM_CONVERSION = YES;
				CLANG_WARN_INFINITE_RECURSION = YES;
				CLANG_WARN_INT_CONVERSION = YES;
				CLANG_WARN_NON_LITERAL_NULL_CONVERSION = YES;
				CLANG_WARN_OBJC_IMPLICIT_RETAIN_SELF = YES;
				CLANG_WARN_OBJC_LITERAL_CONVERSION = YES;
				CLANG_WARN_OBJC_ROOT_CLASS = YES_ERROR;
				CLANG_WARN_QUOTED_INCLUDE_IN_FRAMEWORK_HEADER = YES;
				CLANG_WARN_RANGE_LOOP_ANALYSIS = YES;
				CLANG_WARN_STRICT_PROTOTYPES = YES;
				CLANG_WARN_SUSPICIOUS_MOVE = YES;
				CLANG_WARN_UNGUARDED_AVAILABILITY = YES_AGGRESSIVE;
				CLANG_WARN_UNREACHABLE_CODE = YES;
				CLANG_WARN__DUPLICATE_METHOD_MATCH = YES;
				COPY_PHASE_STRIP = NO;
				DEBUG_INFORMATION_FORMAT = dwarf;
				ENABLE_STRICT_OBJC_MSGSEND = YES;
				ENABLE_TESTABILITY = YES;
				GCC_C_LANGUAGE_STANDARD = gnu11;
				GCC_DYNAMIC_NO_PIC = NO;
				GCC_NO_COMMON_BLOCKS = YES;
				GCC_OPTIMIZATION_LEVEL = 0;
				GCC_PREPROCESSOR_DEFINITIONS = (
					"DEBUG=1",
					"$(inherited)",
				);
				GCC_WARN_64_TO_32_BIT_CONVERSION = YES;
				GCC_WARN_ABOUT_RETURN_TYPE = YES_ERROR;
				GCC_WARN_UNDECLARED_SELECTOR = YES;
				GCC_WARN_UNINITIALIZED_AUTOS = YES_AGGRESSIVE;
				GCC_WARN_UNUSED_FUNCTION = YES;
				GCC_WARN_UNUSED_VARIABLE = YES;
				IPHONEOS_DEPLOYMENT_TARGET = 15.4;
				MTL_ENABLE_DEBUG_INFO = INCLUDE_SOURCE;
				MTL_FAST_MATH = YES;
				ONLY_ACTIVE_ARCH = YES;
				SDKROOT = iphoneos;
				SWIFT_ACTIVE_COMPILATION_CONDITIONS = DEBUG;
				SWIFT_OPTIMIZATION_LEVEL = "-Onone";
			};
			name = Debug;
		};
		119EEA002CD6473400B6F5B0 /* Release */ = {
			isa = XCBuildConfiguration;
			buildSettings = {
				ALWAYS_SEARCH_USER_PATHS = NO;
				CLANG_ANALYZER_NONNULL = YES;
				CLANG_ANALYZER_NUMBER_OBJECT_CONVERSION = YES_AGGRESSIVE;
				CLANG_CXX_LANGUAGE_STANDARD = "gnu++17";
				CLANG_ENABLE_MODULES = YES;
				CLANG_ENABLE_OBJC_ARC = YES;
				CLANG_ENABLE_OBJC_WEAK = YES;
				CLANG_WARN_BLOCK_CAPTURE_AUTORELEASING = YES;
				CLANG_WARN_BOOL_CONVERSION = YES;
				CLANG_WARN_COMMA = YES;
				CLANG_WARN_CONSTANT_CONVERSION = YES;
				CLANG_WARN_DEPRECATED_OBJC_IMPLEMENTATIONS = YES;
				CLANG_WARN_DIRECT_OBJC_ISA_USAGE = YES_ERROR;
				CLANG_WARN_DOCUMENTATION_COMMENTS = YES;
				CLANG_WARN_EMPTY_BODY = YES;
				CLANG_WARN_ENUM_CONVERSION = YES;
				CLANG_WARN_INFINITE_RECURSION = YES;
				CLANG_WARN_INT_CONVERSION = YES;
				CLANG_WARN_NON_LITERAL_NULL_CONVERSION = YES;
				CLANG_WARN_OBJC_IMPLICIT_RETAIN_SELF = YES;
				CLANG_WARN_OBJC_LITERAL_CONVERSION = YES;
				CLANG_WARN_OBJC_ROOT_CLASS = YES_ERROR;
				CLANG_WARN_QUOTED_INCLUDE_IN_FRAMEWORK_HEADER = YES;
				CLANG_WARN_RANGE_LOOP_ANALYSIS = YES;
				CLANG_WARN_STRICT_PROTOTYPES = YES;
				CLANG_WARN_SUSPICIOUS_MOVE = YES;
				CLANG_WARN_UNGUARDED_AVAILABILITY = YES_AGGRESSIVE;
				CLANG_WARN_UNREACHABLE_CODE = YES;
				CLANG_WARN__DUPLICATE_METHOD_MATCH = YES;
				COPY_PHASE_STRIP = NO;
				DEBUG_INFORMATION_FORMAT = "dwarf-with-dsym";
				ENABLE_NS_ASSERTIONS = NO;
				ENABLE_STRICT_OBJC_MSGSEND = YES;
				GCC_C_LANGUAGE_STANDARD = gnu11;
				GCC_NO_COMMON_BLOCKS = YES;
				GCC_WARN_64_TO_32_BIT_CONVERSION = YES;
				GCC_WARN_ABOUT_RETURN_TYPE = YES_ERROR;
				GCC_WARN_UNDECLARED_SELECTOR = YES;
				GCC_WARN_UNINITIALIZED_AUTOS = YES_AGGRESSIVE;
				GCC_WARN_UNUSED_FUNCTION = YES;
				GCC_WARN_UNUSED_VARIABLE = YES;
				IPHONEOS_DEPLOYMENT_TARGET = 15.4;
				MTL_ENABLE_DEBUG_INFO = NO;
				MTL_FAST_MATH = YES;
				SDKROOT = iphoneos;
				SWIFT_COMPILATION_MODE = wholemodule;
				SWIFT_OPTIMIZATION_LEVEL = "-O";
				VALIDATE_PRODUCT = YES;
			};
			name = Release;
		};
		119EEA022CD6473400B6F5B0 /* Debug */ = {
			isa = XCBuildConfiguration;
			buildSettings = {
				ASSETCATALOG_COMPILER_APPICON_NAME = AppIcon;
				ASSETCATALOG_COMPILER_GLOBAL_ACCENT_COLOR_NAME = AccentColor;
				CODE_SIGN_STYLE = Automatic;
				CURRENT_PROJECT_VERSION = 1;
				DEVELOPMENT_ASSET_PATHS = "\"MemorizeGame/Preview Content\"";
				ENABLE_PREVIEWS = YES;
				GENERATE_INFOPLIST_FILE = YES;
				INFOPLIST_KEY_UIApplicationSceneManifest_Generation = YES;
				INFOPLIST_KEY_UIApplicationSupportsIndirectInputEvents = YES;
				INFOPLIST_KEY_UILaunchScreen_Generation = YES;
				INFOPLIST_KEY_UISupportedInterfaceOrientations_iPad = "UIInterfaceOrientationPortrait UIInterfaceOrientationPortraitUpsideDown UIInterfaceOrientationLandscapeLeft UIInterfaceOrientationLandscapeRight";
				INFOPLIST_KEY_UISupportedInterfaceOrientations_iPhone = "UIInterfaceOrientationPortrait UIInterfaceOrientationLandscapeLeft UIInterfaceOrientationLandscapeRight";
				LD_RUNPATH_SEARCH_PATHS = (
					"$(inherited)",
					"@executable_path/Frameworks",
				);
				MARKETING_VERSION = 1.0;
				PRODUCT_BUNDLE_IDENTIFIER = test.MemorizeGame;
				PRODUCT_NAME = "$(TARGET_NAME)";
				SWIFT_EMIT_LOC_STRINGS = YES;
				SWIFT_VERSION = 5.0;
				TARGETED_DEVICE_FAMILY = "1,2";
			};
			name = Debug;
		};
		119EEA032CD6473400B6F5B0 /* Release */ = {
			isa = XCBuildConfiguration;
			buildSettings = {
				ASSETCATALOG_COMPILER_APPICON_NAME = AppIcon;
				ASSETCATALOG_COMPILER_GLOBAL_ACCENT_COLOR_NAME = AccentColor;
				CODE_SIGN_STYLE = Automatic;
				CURRENT_PROJECT_VERSION = 1;
				DEVELOPMENT_ASSET_PATHS = "\"MemorizeGame/Preview Content\"";
				ENABLE_PREVIEWS = YES;
				GENERATE_INFOPLIST_FILE = YES;
				INFOPLIST_KEY_UIApplicationSceneManifest_Generation = YES;
				INFOPLIST_KEY_UIApplicationSupportsIndirectInputEvents = YES;
				INFOPLIST_KEY_UILaunchScreen_Generation = YES;
				INFOPLIST_KEY_UISupportedInterfaceOrientations_iPad = "UIInterfaceOrientationPortrait UIInterfaceOrientationPortraitUpsideDown UIInterfaceOrientationLandscapeLeft UIInterfaceOrientationLandscapeRight";
				INFOPLIST_KEY_UISupportedInterfaceOrientations_iPhone = "UIInterfaceOrientationPortrait UIInterfaceOrientationLandscapeLeft UIInterfaceOrientationLandscapeRight";
				LD_RUNPATH_SEARCH_PATHS = (
					"$(inherited)",
					"@executable_path/Frameworks",
				);
				MARKETING_VERSION = 1.0;
				PRODUCT_BUNDLE_IDENTIFIER = test.MemorizeGame;
				PRODUCT_NAME = "$(TARGET_NAME)";
				SWIFT_EMIT_LOC_STRINGS = YES;
				SWIFT_VERSION = 5.0;
				TARGETED_DEVICE_FAMILY = "1,2";
			};
			name = Release;
		};
/* End XCBuildConfiguration section */

/* Begin XCConfigurationList section */
		119EE9EE2CD6473200B6F5B0 /* Build configuration list for PBXProject "MemorizeGame" */ = {
			isa = XCConfigurationList;
			buildConfigurations = (
				119EE9FF2CD6473400B6F5B0 /* Debug */,
				119EEA002CD6473400B6F5B0 /* Release */,
			);
			defaultConfigurationIsVisible = 0;
			defaultConfigurationName = Release;
		};
		119EEA012CD6473400B6F5B0 /* Build configuration list for PBXNativeTarget "MemorizeGame" */ = {
			isa = XCConfigurationList;
			buildConfigurations = (
				119EEA022CD6473400B6F5B0 /* Debug */,
				119EEA032CD6473400B6F5B0 /* Release */,
			);
			defaultConfigurationIsVisible = 0;
			defaultConfigurationName = Release;
		};
/* End XCConfigurationList section */
	};
	rootObject = 119EE9EB2CD6473200B6F5B0 /* Project object */;
}
